
Microsoft Visual Studio Solution File, Format Version 12.00
# Visual Studio 14
VisualStudioVersion = 14.0.25420.1
MinimumVisualStudioVersion = 10.0.40219.1
Project("{FAE04EC0-301F-11D3-BF4B-00C04F79EFBC}") = "SIGENCE Scenario Tool", "SIGENCEScenarioTool.MainApp\SIGENCE Scenario Tool.csproj", "{21E6D61C-05BD-41BD-B4F3-A1A8F3D3D73E}"
EndProject
Project("{2150E333-8FDC-42A3-9474-1A3956D46DE8}") = "SIGENCE Scenario Tool.MainApp", "SIGENCE Scenario Tool.MainApp", "{6BFD59EE-5E5F-4178-B538-6303F7BB4448}"
EndProject
Project("{2150E333-8FDC-42A3-9474-1A3956D46DE8}") = "SIGENCE Scenario Tool.UnitTests", "SIGENCE Scenario Tool.UnitTests", "{AD0FB10D-6FCE-43B3-8B95-012EB12A17BE}"
EndProject
Project("{FAE04EC0-301F-11D3-BF4B-00C04F79EFBC}") = "SIGENCE Scenario Tool.UnitTests", "SIGENCEScenarioTool.UnitTests\SIGENCE Scenario Tool.UnitTests.csproj", "{4A837532-76D1-4A78-99CB-E53BE9525C80}"
EndProject
Global
	GlobalSection(SolutionConfigurationPlatforms) = preSolution
		SIGENCEScenarioTool.Basic Debug|Any CPU = SIGENCEScenarioTool.Basic Debug|Any CPU
		SIGENCEScenarioTool.Basic Release|Any CPU = SIGENCEScenarioTool.Basic Release|Any CPU
		SIGENCEScenarioTool.Excel Debug|Any CPU = SIGENCEScenarioTool.Excel Debug|Any CPU
		SIGENCEScenarioTool.Excel Release|Any CPU = SIGENCEScenarioTool.Excel Release|Any CPU
	EndGlobalSection
	GlobalSection(ProjectConfigurationPlatforms) = postSolution
		{21E6D61C-05BD-41BD-B4F3-A1A8F3D3D73E}.SIGENCEScenarioTool.Basic Debug|Any CPU.ActiveCfg = TransmitterTool.Basic|Any CPU
		{21E6D61C-05BD-41BD-B4F3-A1A8F3D3D73E}.SIGENCEScenarioTool.Basic Debug|Any CPU.Build.0 = TransmitterTool.Basic|Any CPU
		{21E6D61C-05BD-41BD-B4F3-A1A8F3D3D73E}.SIGENCEScenarioTool.Basic Release|Any CPU.ActiveCfg = TransmitterTool.Basic Release|Any CPU
		{21E6D61C-05BD-41BD-B4F3-A1A8F3D3D73E}.SIGENCEScenarioTool.Basic Release|Any CPU.Build.0 = TransmitterTool.Basic Release|Any CPU
		{21E6D61C-05BD-41BD-B4F3-A1A8F3D3D73E}.SIGENCEScenarioTool.Excel Debug|Any CPU.ActiveCfg = Debug|Any CPU
		{21E6D61C-05BD-41BD-B4F3-A1A8F3D3D73E}.SIGENCEScenarioTool.Excel Debug|Any CPU.Build.0 = Debug|Any CPU
		{21E6D61C-05BD-41BD-B4F3-A1A8F3D3D73E}.SIGENCEScenarioTool.Excel Release|Any CPU.ActiveCfg = Release|Any CPU
		{21E6D61C-05BD-41BD-B4F3-A1A8F3D3D73E}.SIGENCEScenarioTool.Excel Release|Any CPU.Build.0 = Release|Any CPU
		{4A837532-76D1-4A78-99CB-E53BE9525C80}.SIGENCEScenarioTool.Basic Debug|Any CPU.ActiveCfg = TransmitterTool.Basic|Any CPU
		{4A837532-76D1-4A78-99CB-E53BE9525C80}.SIGENCEScenarioTool.Basic Debug|Any CPU.Build.0 = TransmitterTool.Basic|Any CPU
		{4A837532-76D1-4A78-99CB-E53BE9525C80}.SIGENCEScenarioTool.Basic Release|Any CPU.ActiveCfg = TransmitterTool.Basic Release|Any CPU
		{4A837532-76D1-4A78-99CB-E53BE9525C80}.SIGENCEScenarioTool.Basic Release|Any CPU.Build.0 = TransmitterTool.Basic Release|Any CPU
		{4A837532-76D1-4A78-99CB-E53BE9525C80}.SIGENCEScenarioTool.Excel Debug|Any CPU.ActiveCfg = Debug|Any CPU
		{4A837532-76D1-4A78-99CB-E53BE9525C80}.SIGENCEScenarioTool.Excel Debug|Any CPU.Build.0 = Debug|Any CPU
		{4A837532-76D1-4A78-99CB-E53BE9525C80}.SIGENCEScenarioTool.Excel Release|Any CPU.ActiveCfg = Release|Any CPU
		{4A837532-76D1-4A78-99CB-E53BE9525C80}.SIGENCEScenarioTool.Excel Release|Any CPU.Build.0 = Release|Any CPU
	EndGlobalSection
	GlobalSection(SolutionProperties) = preSolution
		HideSolutionNode = FALSE
	EndGlobalSection
	GlobalSection(NestedProjects) = preSolution
		{21E6D61C-05BD-41BD-B4F3-A1A8F3D3D73E} = {6BFD59EE-5E5F-4178-B538-6303F7BB4448}
		{4A837532-76D1-4A78-99CB-E53BE9525C80} = {AD0FB10D-6FCE-43B3-8B95-012EB12A17BE}
	EndGlobalSection
	GlobalSection(ExtensibilityGlobals) = postSolution
		SolutionGuid = {68762B22-46CC-4B76-8B9D-88F882980599}
	EndGlobalSection
EndGlobal
