
Microsoft Visual Studio Solution File, Format Version 12.00
# Visual Studio 15
VisualStudioVersion = 15.0.28010.2003
MinimumVisualStudioVersion = 10.0.40219.1
Project("{FAE04EC0-301F-11D3-BF4B-00C04F79EFBC}") = "SIGENCEScenarioTool", "SIGENCEScenarioTool.MainApp\SIGENCEScenarioTool.csproj", "{21E6D61C-05BD-41BD-B4F3-A1A8F3D3D73E}"
EndProject
Project("{FAE04EC0-301F-11D3-BF4B-00C04F79EFBC}") = "SIGENCEScenarioTool.UnitTests", "SIGENCEScenarioTool.UnitTests\SIGENCEScenarioTool.UnitTests.csproj", "{4A837532-76D1-4A78-99CB-E53BE9525C80}"
EndProject
Project("{FAE04EC0-301F-11D3-BF4B-00C04F79EFBC}") = "SIGENCEScenarioTool.Library", "SIGENCEScenarioTool.Library\SIGENCEScenarioTool.Library.csproj", "{E61FB891-442D-4285-9AB8-E7F3BFF66370}"
EndProject
Global
	GlobalSection(SolutionConfigurationPlatforms) = preSolution
		Debug|Any CPU = Debug|Any CPU
		Release|Any CPU = Release|Any CPU
	EndGlobalSection
	GlobalSection(ProjectConfigurationPlatforms) = postSolution
		{21E6D61C-05BD-41BD-B4F3-A1A8F3D3D73E}.Debug|Any CPU.ActiveCfg = Debug|Any CPU
		{21E6D61C-05BD-41BD-B4F3-A1A8F3D3D73E}.Debug|Any CPU.Build.0 = Debug|Any CPU
		{21E6D61C-05BD-41BD-B4F3-A1A8F3D3D73E}.Release|Any CPU.ActiveCfg = Release|Any CPU
		{21E6D61C-05BD-41BD-B4F3-A1A8F3D3D73E}.Release|Any CPU.Build.0 = Release|Any CPU
		{4A837532-76D1-4A78-99CB-E53BE9525C80}.Debug|Any CPU.ActiveCfg = Debug|Any CPU
		{4A837532-76D1-4A78-99CB-E53BE9525C80}.Debug|Any CPU.Build.0 = Debug|Any CPU
		{4A837532-76D1-4A78-99CB-E53BE9525C80}.Release|Any CPU.ActiveCfg = Release|Any CPU
		{4A837532-76D1-4A78-99CB-E53BE9525C80}.Release|Any CPU.Build.0 = Release|Any CPU
		{E61FB891-442D-4285-9AB8-E7F3BFF66370}.Debug|Any CPU.ActiveCfg = Debug|Any CPU
		{E61FB891-442D-4285-9AB8-E7F3BFF66370}.Debug|Any CPU.Build.0 = Debug|Any CPU
		{E61FB891-442D-4285-9AB8-E7F3BFF66370}.Release|Any CPU.ActiveCfg = Release|Any CPU
		{E61FB891-442D-4285-9AB8-E7F3BFF66370}.Release|Any CPU.Build.0 = Release|Any CPU
	EndGlobalSection
	GlobalSection(SolutionProperties) = preSolution
		HideSolutionNode = FALSE
	EndGlobalSection
	GlobalSection(ExtensibilityGlobals) = postSolution
		SolutionGuid = {68762B22-46CC-4B76-8B9D-88F882980599}
	EndGlobalSection
EndGlobal
